{
  "version": "1.0.0",
  "lockfileVersion": 1,
  "packages": {
    "@wshobson/agents/application-performance/frontend-developer": {
      "version": "1.0.0",
      "resolved": "https://registry.prpm.dev/api/v1/packages/%40wshobson%2Fagents%2Fapplication-performance%2Ffrontend-developer/1.0.0.tar.gz",
      "integrity": "sha256-328b5ac5e751bea91d56c4551bb29964ed6e1ec0f2dfb16a830a59476858e1f9",
      "format": "claude",
      "subtype": "agent",
      "installedPath": ".claude/agents/frontend-developer.md"
    },
    "@wshobson/agents/cloud-infrastructure/kubernetes-architect": {
      "version": "1.0.0",
      "resolved": "https://registry.prpm.dev/api/v1/packages/%40wshobson%2Fagents%2Fcloud-infrastructure%2Fkubernetes-architect/1.0.0.tar.gz",
      "integrity": "sha256-8f39df484630a9b51307834a6068cdfe1c3ef20002f199b2ef0234f76bf5e683",
      "format": "claude",
      "subtype": "agent",
      "installedPath": ".claude/agents/kubernetes-architect.md"
    },
    "@wshobson/agents/cicd-automation/kubernetes-architect": {
      "version": "1.0.0",
      "resolved": "https://registry.prpm.dev/api/v1/packages/%40wshobson%2Fagents%2Fcicd-automation%2Fkubernetes-architect/1.0.0.tar.gz",
      "integrity": "sha256-1bae9ecb6c737dfe916332f226eef27e7ee74899b1faf233fc43f57039dffc69",
      "format": "claude",
      "subtype": "agent",
      "installedPath": ".claude/agents/kubernetes-architect.md"
    },
    "@obra/skill-dispatching-parallel-agents": {
      "version": "1.0.0",
      "resolved": "https://registry.prpm.dev/api/v1/packages/%40obra%2Fskill-dispatching-parallel-agents/1.0.0.tar.gz",
      "integrity": "sha256-98e3f345444e650671ce914bb60e3b17a79b6273b312a7a067942d834caad98b",
      "format": "claude",
      "subtype": "skill",
      "installedPath": ".claude/skills/skill-dispatching-parallel-agents/SKILL.md"
    },
    "@obra/skill-using-superpowers": {
      "version": "1.0.0",
      "resolved": "https://registry.prpm.dev/api/v1/packages/%40obra%2Fskill-using-superpowers/1.0.0.tar.gz",
      "integrity": "sha256-6ddb5b702c1a898d48570cbfd2da458271f7614c35001c16eaf11b0cbb481a08",
      "format": "claude",
      "subtype": "skill",
      "installedPath": ".claude/skills/skill-using-superpowers/SKILL.md"
    },
    "@wshobson/agents/accessibility-compliance/ui-visual-validator": {
      "version": "1.0.0",
      "resolved": "https://registry.prpm.dev/api/v1/packages/%40wshobson%2Fagents%2Faccessibility-compliance%2Fui-visual-validator/1.0.0.tar.gz",
      "integrity": "sha256-bc9153bc33cd0a5e02912b6b89415a3894499e8237f83ade793327e82da3e678",
      "format": "claude",
      "subtype": "agent",
      "installedPath": ".claude/agents/ui-visual-validator.md"
    },
    "@prpm/github-actions-testing-skill": {
      "version": "1.0.3",
      "resolved": "https://registry.prpm.dev/api/v1/packages/%40prpm%2Fgithub-actions-testing-skill/1.0.3.tar.gz",
      "integrity": "sha256-1d6d2bf8404d4fad8a77e0a46b26cce0d4f4af676bafff7577813c7709fdb3fb",
      "format": "claude",
      "subtype": "skill",
      "installedPath": ".claude/skills/github-actions-testing-skill/SKILL.md"
    },
    "@prpm/self-improving": {
      "version": "1.0.0",
      "resolved": "https://registry.prpm.dev/api/v1/packages/%40prpm%2Fself-improving/1.0.0.tar.gz",
      "integrity": "sha256-55ed1cb14c2740122193aef466f811fe6252667e817c63d30631fe1b0ccbb26f",
      "format": "claude",
      "subtype": "skill",
      "installedPath": ".claude/skills/self-improving/SKILL.md"
    },
    "@wshobson/agents/llm-application-dev/ai-engineer": {
      "version": "1.0.0",
      "resolved": "https://registry.prpm.dev/api/v1/packages/%40wshobson%2Fagents%2Fllm-application-dev%2Fai-engineer/1.0.0.tar.gz",
      "integrity": "sha256-a9de4cd4ebd4787032458dc2f4d448f83a68423bbb9f17fc4ff7e86367bf8b5d",
      "format": "claude",
      "subtype": "agent",
      "installedPath": ".claude/agents/ai-engineer.md"
    },
    "@wshobson/commands/python-development/python-scaffold": {
      "version": "1.0.0",
      "resolved": "https://registry.prpm.dev/api/v1/packages/%40wshobson%2Fcommands%2Fpython-development%2Fpython-scaffold/1.0.0.tar.gz",
      "integrity": "sha256-3eca8e0c03adf7ff1c30dafbe9052734ecd889bc7f22984eaa56b9cb44befc4b",
      "format": "claude",
      "subtype": "slash-command",
      "installedPath": ".claude/commands/python-scaffold.md"
    },
    "@wshobson/agents/data-engineering/data-engineer": {
      "version": "1.0.0",
      "resolved": "https://registry.prpm.dev/api/v1/packages/%40wshobson%2Fagents%2Fdata-engineering%2Fdata-engineer/1.0.0.tar.gz",
      "integrity": "sha256-e3ff01596d670caaa6a61b6aa7436aafd89efdc272da40b8633f1c6070054363",
      "format": "claude",
      "subtype": "agent",
      "installedPath": ".claude/agents/data-engineer.md"
    },
    "@obra/skill-brainstorming": {
      "version": "1.0.0",
      "resolved": "https://registry.prpm.dev/api/v1/packages/%40obra%2Fskill-brainstorming/1.0.0.tar.gz",
      "integrity": "sha256-5caef1d3c21eca6b19472bd237547ab361e2c61292886e5defbda2b128e78d1b",
      "format": "claude",
      "subtype": "skill",
      "installedPath": ".cursor/rules/skill-brainstorming.mdc",
      "fromCollection": {
        "scope": "collection",
        "name_slug": "superpowers",
        "version": "1.0.0"
      }
    },
    "@obra/skill-writing-plans": {
      "version": "1.0.0",
      "resolved": "https://registry.prpm.dev/api/v1/packages/%40obra%2Fskill-writing-plans/1.0.0.tar.gz",
      "integrity": "sha256-341e3a2e9978f28e5e0c4a292cc835af3fd675b09ffb8d4b026b36755af812be",
      "format": "claude",
      "subtype": "skill",
      "installedPath": ".cursor/rules/skill-writing-plans.mdc",
      "fromCollection": {
        "scope": "collection",
        "name_slug": "superpowers",
        "version": "1.0.0"
      }
    },
    "@obra/skill-executing-plans": {
      "version": "1.0.0",
      "resolved": "https://registry.prpm.dev/api/v1/packages/%40obra%2Fskill-executing-plans/1.0.0.tar.gz",
      "integrity": "sha256-8c963b7f96aff470df06d56d54c1fbaa38465c9e87cc9d2c7c243f3a0142a8a2",
      "format": "claude",
      "subtype": "skill",
      "installedPath": ".cursor/rules/skill-executing-plans.mdc",
      "fromCollection": {
        "scope": "collection",
        "name_slug": "superpowers",
        "version": "1.0.0"
      }
    },
    "@obra/skill-test-driven-development": {
      "version": "1.0.0",
      "resolved": "https://registry.prpm.dev/api/v1/packages/%40obra%2Fskill-test-driven-development/1.0.0.tar.gz",
      "integrity": "sha256-eed18c1a4d725194879b023caff0ebe437a9598dbcf1b188f2cf11d3ec53824e",
      "format": "claude",
      "subtype": "skill",
      "installedPath": ".cursor/rules/skill-test-driven-development.mdc",
      "fromCollection": {
        "scope": "collection",
        "name_slug": "superpowers",
        "version": "1.0.0"
      }
    },
    "@obra/skill-systematic-debugging": {
      "version": "1.0.0",
      "resolved": "https://registry.prpm.dev/api/v1/packages/%40obra%2Fskill-systematic-debugging/1.0.0.tar.gz",
      "integrity": "sha256-56b03f9510dbb74b84eb6bbb9f7960023b372b17d6eb91241f5c49697868e9ac",
      "format": "claude",
      "subtype": "skill",
      "installedPath": ".cursor/rules/skill-systematic-debugging.mdc",
      "fromCollection": {
        "scope": "collection",
        "name_slug": "superpowers",
        "version": "1.0.0"
      }
    },
    "@obra/skill-requesting-code-review": {
      "version": "1.0.0",
      "resolved": "https://registry.prpm.dev/api/v1/packages/%40obra%2Fskill-requesting-code-review/1.0.0.tar.gz",
      "integrity": "sha256-a32b0d7bba61c4ab0a22b75762e1bc5d5e9d8a4593c5ec551a95f1ee206a7272",
      "format": "claude",
      "subtype": "skill",
      "installedPath": ".cursor/rules/skill-requesting-code-review.mdc",
      "fromCollection": {
        "scope": "collection",
        "name_slug": "superpowers",
        "version": "1.0.0"
      }
    },
    "@obra/skill-receiving-code-review": {
      "version": "1.0.0",
      "resolved": "https://registry.prpm.dev/api/v1/packages/%40obra%2Fskill-receiving-code-review/1.0.0.tar.gz",
      "integrity": "sha256-98f073bb1d27d56300e63f646af0bd99f54a42910bad624aa54383b0e2f67bc6",
      "format": "claude",
      "subtype": "skill",
      "installedPath": ".cursor/rules/skill-receiving-code-review.mdc",
      "fromCollection": {
        "scope": "collection",
        "name_slug": "superpowers",
        "version": "1.0.0"
      }
    },
    "@obra/skill-verification-before-completion": {
      "version": "1.0.0",
      "resolved": "https://registry.prpm.dev/api/v1/packages/%40obra%2Fskill-verification-before-completion/1.0.0.tar.gz",
      "integrity": "sha256-3ddd78c131431c5345f7e4eadcd30d5e80f3f094305ad819214cfdcf7d461015",
      "format": "claude",
      "subtype": "skill",
      "installedPath": ".cursor/rules/skill-verification-before-completion.mdc",
      "fromCollection": {
        "scope": "collection",
        "name_slug": "superpowers",
        "version": "1.0.0"
      }
    },
    "@obra/skill-using-git-worktrees": {
      "version": "1.0.0",
      "resolved": "https://registry.prpm.dev/api/v1/packages/%40obra%2Fskill-using-git-worktrees/1.0.0.tar.gz",
      "integrity": "sha256-cd017b561c9d0d338633078a15efb3edd932a8753ebbd05b91116822736a990f",
      "format": "claude",
      "subtype": "skill",
      "installedPath": ".cursor/rules/skill-using-git-worktrees.mdc",
      "fromCollection": {
        "scope": "collection",
        "name_slug": "superpowers",
        "version": "1.0.0"
      }
    },
    "@obra/skill-subagent-driven-development": {
      "version": "1.0.0",
      "resolved": "https://registry.prpm.dev/api/v1/packages/%40obra%2Fskill-subagent-driven-development/1.0.0.tar.gz",
      "integrity": "sha256-ac0893db191089c13a2c14d921c5bef340647d3da92936d9f79731248097c627",
      "format": "claude",
      "subtype": "skill",
      "installedPath": ".cursor/rules/skill-subagent-driven-development.mdc",
      "fromCollection": {
        "scope": "collection",
        "name_slug": "superpowers",
        "version": "1.0.0"
      }
    },
    "@obra/skill-root-cause-tracing": {
      "version": "1.0.0",
      "resolved": "https://registry.prpm.dev/api/v1/packages/%40obra%2Fskill-root-cause-tracing/1.0.0.tar.gz",
      "integrity": "sha256-d89a5d7c2306a55aace4ec8d465b1165a33bfee87a0782404ad0f5a289f9a2b4",
      "format": "claude",
      "subtype": "skill",
      "installedPath": ".cursor/rules/skill-root-cause-tracing.mdc",
      "fromCollection": {
        "scope": "collection",
        "name_slug": "superpowers",
        "version": "1.0.0"
      }
    },
    "@obra/skill-defense-in-depth": {
      "version": "1.0.0",
      "resolved": "https://registry.prpm.dev/api/v1/packages/%40obra%2Fskill-defense-in-depth/1.0.0.tar.gz",
      "integrity": "sha256-f4be078659e6aeb9c8a4f5e07943759f241bab39af44b20ab4ab7094dc2ba65e",
      "format": "claude",
      "subtype": "skill",
      "installedPath": ".cursor/rules/skill-defense-in-depth.mdc",
      "fromCollection": {
        "scope": "collection",
        "name_slug": "superpowers",
        "version": "1.0.0"
      }
    },
    "@obra/skill-condition-based-waiting": {
      "version": "1.0.0",
      "resolved": "https://registry.prpm.dev/api/v1/packages/%40obra%2Fskill-condition-based-waiting/1.0.0.tar.gz",
      "integrity": "sha256-898bd1be4f698410e0f5e41209d54e30b47ddeb3667755b3ffcad56d0f12c292",
      "format": "claude",
      "subtype": "skill",
      "installedPath": ".cursor/rules/skill-condition-based-waiting.mdc",
      "fromCollection": {
        "scope": "collection",
        "name_slug": "superpowers",
        "version": "1.0.0"
      }
    },
    "@obra/skill-testing-anti-patterns": {
      "version": "1.0.0",
      "resolved": "https://registry.prpm.dev/api/v1/packages/%40obra%2Fskill-testing-anti-patterns/1.0.0.tar.gz",
      "integrity": "sha256-0a6aa537fb675b2364bbf6aea41190a28155cf9b8904fa8184505499b71f080e",
      "format": "claude",
      "subtype": "skill",
      "installedPath": ".cursor/rules/skill-testing-anti-patterns.mdc",
      "fromCollection": {
        "scope": "collection",
        "name_slug": "superpowers",
        "version": "1.0.0"
      }
    },
    "@obra/skill-testing-skills-with-subagents": {
      "version": "1.0.0",
      "resolved": "https://registry.prpm.dev/api/v1/packages/%40obra%2Fskill-testing-skills-with-subagents/1.0.0.tar.gz",
      "integrity": "sha256-a9c9dab69c35cbbe374fc0920b554e44bc5d0062dcf578896108f48f53fa9859",
      "format": "claude",
      "subtype": "skill",
      "installedPath": ".cursor/rules/skill-testing-skills-with-subagents.mdc",
      "fromCollection": {
        "scope": "collection",
        "name_slug": "superpowers",
        "version": "1.0.0"
      }
    },
    "@obra/skill-writing-skills": {
      "version": "1.0.0",
      "resolved": "https://registry.prpm.dev/api/v1/packages/%40obra%2Fskill-writing-skills/1.0.0.tar.gz",
      "integrity": "sha256-5e2c6802b4b7281a8d44a4ce28d8d0ccbfa16cd79b7dea872938d8d1a58e2352",
      "format": "claude",
      "subtype": "skill",
      "installedPath": ".cursor/rules/skill-writing-skills.mdc",
      "fromCollection": {
        "scope": "collection",
        "name_slug": "superpowers",
        "version": "1.0.0"
      }
    },
    "@obra/skill-sharing-skills": {
      "version": "1.0.0",
      "resolved": "https://registry.prpm.dev/api/v1/packages/%40obra%2Fskill-sharing-skills/1.0.0.tar.gz",
      "integrity": "sha256-154a0a791a5506e6477ae6cd1ca592beaf2ef3c86ab7fcbcad45a997f9987bab",
      "format": "claude",
      "subtype": "skill",
      "installedPath": ".cursor/rules/skill-sharing-skills.mdc",
      "fromCollection": {
        "scope": "collection",
        "name_slug": "superpowers",
        "version": "1.0.0"
      }
    },
    "@obra/skill-finishing-a-development-branch": {
      "version": "1.0.0",
      "resolved": "https://registry.prpm.dev/api/v1/packages/%40obra%2Fskill-finishing-a-development-branch/1.0.0.tar.gz",
      "integrity": "sha256-e731fa00a20e672a24becccada7bc0d21153cb1dfa52c6b09c7c2380bddc68b3",
      "format": "claude",
      "subtype": "skill",
      "installedPath": ".cursor/rules/skill-finishing-a-development-branch.mdc",
      "fromCollection": {
        "scope": "collection",
        "name_slug": "superpowers",
        "version": "1.0.0"
      }
    },
    "@prpm/karen-repo-reviewer": {
      "version": "1.0.3",
      "resolved": "https://registry.prpm.dev/api/v1/packages/%40prpm%2Fkaren-repo-reviewer/1.0.3.tar.gz",
      "integrity": "sha256-f8b26139c294a0f2d7d21f12f8fd7058553f3a2bf4e89a7e054811ffe3604525",
      "format": "cursor",
      "subtype": "rule",
      "installedPath": ".cursor/rules/karen-repo-reviewer.mdc",
      "fromCollection": {
        "scope": "collection",
        "name_slug": "karen-cursor-rule",
        "version": "1.0.0"
      }
    },
    "@prpm/self-improve-cursor": {
      "version": "1.0.4",
      "resolved": "https://registry.prpm.dev/api/v1/packages/%40prpm%2Fself-improve-cursor/1.0.4.tar.gz",
      "integrity": "sha256-6d4213a7539577559e209f4414261b178dde98a4cbc93e19f4fb4e373b8ca4d7",
      "format": "cursor",
      "subtype": "rule",
      "installedPath": ".cursor/rules/self-improve-cursor.mdc"
    },
    "@sanjeed5/github-actions": {
      "version": "1.0.0",
      "resolved": "https://registry.prpm.dev/api/v1/packages/%40sanjeed5%2Fgithub-actions/1.0.0.tar.gz",
      "integrity": "sha256-81cb10232c527eb9387c7d9d2562fe004bac9fcd70e80f81074a06da90045c4c",
      "format": "cursor",
      "subtype": "rule",
      "installedPath": ".cursor/rules/github-actions.mdc"
    },
    "@sanjeed5/typescript": {
      "version": "1.0.0",
      "resolved": "https://registry.prpm.dev/api/v1/packages/%40sanjeed5%2Ftypescript/1.0.0.tar.gz",
      "integrity": "sha256-e7d1622311c85accf966bb6608e072e0c3cf5545f8f4f1bc55743cf9ac125f7d",
      "format": "cursor",
      "subtype": "rule",
      "installedPath": ".cursor/rules/typescript.mdc"
    },
    "@sanjeed5/playwright": {
      "version": "1.0.0",
      "resolved": "https://registry.prpm.dev/api/v1/packages/%40sanjeed5%2Fplaywright/1.0.0.tar.gz",
      "integrity": "sha256-6f83b4fdae418bca462052914f5be752bfd7e9f9b38e2ba74ce61b7752860dc6",
      "format": "cursor",
      "subtype": "rule",
      "installedPath": ".cursor/rules/playwright.mdc"
    },
    "@sanjeed5/cloudflare": {
      "version": "1.0.0",
      "resolved": "https://registry.prpm.dev/api/v1/packages/%40sanjeed5%2Fcloudflare/1.0.0.tar.gz",
      "integrity": "sha256-9f0c8e2d8fcaba981b663ecc8fa8ce9279ffeba636c37d9fd916198b2af9b8d4",
      "format": "cursor",
      "subtype": "rule",
      "installedPath": ".cursor/rules/cloudflare.mdc"
    },
    "@sanjeed5/kubernetes": {
      "version": "1.0.0",
      "resolved": "https://registry.prpm.dev/api/v1/packages/%40sanjeed5%2Fkubernetes/1.0.0.tar.gz",
      "integrity": "sha256-182342e19df68a3650d45d39233e6550e4183ed2645a425a94952b7b74f40f0b",
      "format": "cursor",
      "subtype": "rule",
      "installedPath": ".cursor/rules/kubernetes.mdc"
    },
    "@sanjeed5/huggingface": {
      "version": "1.0.0",
      "resolved": "https://registry.prpm.dev/api/v1/packages/%40sanjeed5%2Fhuggingface/1.0.0.tar.gz",
      "integrity": "sha256-9720f876400bd515f476de23636ef9fb44e716c5ea57cd0a8dd9b4693557b1bd",
      "format": "cursor",
      "subtype": "rule",
      "installedPath": ".cursor/rules/huggingface.mdc"
    },
    "@sanjeed5/astro": {
      "version": "1.0.0",
      "resolved": "https://registry.prpm.dev/api/v1/packages/%40sanjeed5%2Fastro/1.0.0.tar.gz",
      "integrity": "sha256-85a25af2cb0d904ee3fae037696385ca6d9af885be3e1ab2c9012b310824c904",
      "format": "cursor",
      "subtype": "rule",
      "installedPath": ".cursor/rules/astro.mdc"
    },
    "@prpm-converter/cursorrules-dispatching-parallel-agents": {
      "version": "1.0.0",
      "resolved": "https://registry.prpm.dev/api/v1/packages/%40prpm-converter%2Fcursorrules-dispatching-parallel-agents/1.0.0.tar.gz",
      "integrity": "sha256-67a571368fb1d6f260dd163807dc52b571c495ae0900d69260359cc8c79cbae0",
      "format": "cursor",
      "subtype": "rule",
      "installedPath": ".cursor/rules/cursorrules-dispatching-parallel-agents.mdc"
    },
    "@voltagent/python-pro": {
      "version": "1.0.0",
      "resolved": "https://registry.prpm.dev/api/v1/packages/%40voltagent%2Fpython-pro/1.0.0.tar.gz",
      "integrity": "sha256-9957e5af98bb981c01cbf0c7fd1de51e27f6357f8158099dd4375a3ec2ace578",
      "format": "claude",
      "subtype": "rule",
      "installedPath": ".cursor/rules/python-pro.mdc"
    },
    "@voltagent/ui-designer": {
      "version": "1.0.0",
      "resolved": "https://registry.prpm.dev/api/v1/packages/%40voltagent%2Fui-designer/1.0.0.tar.gz",
      "integrity": "sha256-40c16141e76ff150e41edf64a66ecacdb5fbd7b02c991b10d2f4781a3c916832",
      "format": "claude",
      "subtype": "rule",
      "installedPath": ".cursor/rules/ui-designer.mdc"
    },
    "@voltagent/typescript-pro": {
      "version": "1.0.0",
      "resolved": "https://registry.prpm.dev/api/v1/packages/%40voltagent%2Ftypescript-pro/1.0.0.tar.gz",
      "integrity": "sha256-0e5964b6035637687a45d7ac4181daf6974a722089ca9296d0f4faef69e6bca2",
      "format": "claude",
      "subtype": "rule",
      "installedPath": ".cursor/rules/typescript-pro.mdc"
    },
    "@voltagent/kubernetes-specialist": {
      "version": "1.0.0",
      "resolved": "https://registry.prpm.dev/api/v1/packages/%40voltagent%2Fkubernetes-specialist/1.0.0.tar.gz",
      "integrity": "sha256-9407f30993c8080590a004eff18db12b5abf06a893fd5777163810edf6cd3612",
      "format": "claude",
      "subtype": "rule",
      "installedPath": ".cursor/rules/kubernetes-specialist.mdc"
    },
    "@voltagent/task-distributor": {
      "version": "1.0.0",
      "resolved": "https://registry.prpm.dev/api/v1/packages/%40voltagent%2Ftask-distributor/1.0.0.tar.gz",
      "integrity": "sha256-dc15fa6dbee38dec0101fc9194e0037e04ea6c8e79c241e1847b5df3d79edd3f",
      "format": "claude",
      "subtype": "rule",
      "installedPath": ".cursor/rules/task-distributor.mdc"
    },
    "@voltagent/ai-engineer": {
      "version": "1.0.0",
      "resolved": "https://registry.prpm.dev/api/v1/packages/%40voltagent%2Fai-engineer/1.0.0.tar.gz",
      "integrity": "sha256-0f7ff0e505b7fdc6eed6e4e067799b2420b04c045d90bd7231df067ed875478a",
      "format": "claude",
      "subtype": "rule",
      "installedPath": ".cursor/rules/ai-engineer.mdc"
    },
    "@voltagent/llm-architect": {
      "version": "1.0.0",
      "resolved": "https://registry.prpm.dev/api/v1/packages/%40voltagent%2Fllm-architect/1.0.0.tar.gz",
      "integrity": "sha256-870d1367a95255446f86939782d44cd5a802cf1d981e52d0ff78b87fee124387",
      "format": "claude",
      "subtype": "rule",
      "installedPath": ".cursor/rules/llm-architect.mdc"
    },
    "@voltagent/cloud-architect": {
      "version": "1.0.0",
      "resolved": "https://registry.prpm.dev/api/v1/packages/%40voltagent%2Fcloud-architect/1.0.0.tar.gz",
      "integrity": "sha256-e1333dd46b7448860858f7e38a0e2655192cda64044be2244fa1de06db38b6b7",
      "format": "claude",
      "subtype": "rule",
      "installedPath": ".cursor/rules/cloud-architect.mdc"
    },
    "@hamzafer/address-github-pr-comments": {
      "version": "1.0.0",
      "resolved": "https://registry.prpm.dev/api/v1/packages/%40hamzafer%2Faddress-github-pr-comments/1.0.0.tar.gz",
      "integrity": "sha256-3ddeb7271fdba750f6b83d5d5efd2fe36427b50746a13fd70cb5bb348fd6a5ad",
      "format": "cursor",
      "subtype": "slash-command",
      "installedPath": ".cursor/commands/address-github-pr-comments.mdc"
    },
    "@prpm/typescript-type-specialist": {
      "version": "1.0.3",
      "resolved": "https://registry.prpm.dev/api/v1/packages/%40prpm%2Ftypescript-type-specialist/1.0.3.tar.gz",
      "integrity": "sha256-146a082cf912d25a2fb3e86c452b9b741b1d45915f88e1542464df868f69a269",
      "format": "cursor",
      "subtype": "rule",
      "installedPath": ".cursor/rules/typescript-type-specialist.mdc"
    },
    "@sanjeed5/vercel": {
      "version": "1.0.0",
      "resolved": "https://registry.prpm.dev/api/v1/packages/%40sanjeed5%2Fvercel/1.0.0.tar.gz",
      "integrity": "sha256-0f9ed36a8b70fd82e1a766eef1cf6544e5c2e8b4fb248cad7f795346b72e4aec",
      "format": "cursor",
      "subtype": "rule",
      "installedPath": ".cursor/rules/vercel.mdc"
    }
  },
  "generated": "2025-11-05T04:56:51.414Z",
  "collections": {
    "@collection/superpowers": {
      "scope": "collection",
      "name_slug": "superpowers",
      "version": "1.0.0",
      "installedAt": "2025-11-05T03:22:44.099Z",
      "packages": [
        "@obra/skill-using-superpowers",
        "@obra/skill-brainstorming",
        "@obra/skill-writing-plans",
        "@obra/skill-executing-plans",
        "@obra/skill-test-driven-development",
        "@obra/skill-systematic-debugging",
        "@obra/skill-requesting-code-review",
        "@obra/skill-receiving-code-review",
        "@obra/skill-verification-before-completion",
        "@obra/skill-using-git-worktrees",
        "@obra/skill-subagent-driven-development",
        "@obra/skill-dispatching-parallel-agents",
        "@obra/skill-root-cause-tracing",
        "@obra/skill-defense-in-depth",
        "@obra/skill-condition-based-waiting",
        "@obra/skill-testing-anti-patterns",
        "@obra/skill-testing-skills-with-subagents",
        "@obra/skill-writing-skills",
        "@obra/skill-sharing-skills",
        "@obra/skill-finishing-a-development-branch"
      ]
    },
    "@collection/karen-cursor-rule": {
      "scope": "collection",
      "name_slug": "karen-cursor-rule",
      "version": "1.0.0",
      "installedAt": "2025-11-05T03:23:46.896Z",
      "packages": [
        "@prpm/karen-repo-reviewer"
      ]
    }
  }
}