{
  "version": 4,
  "terraform_version": "1.13.4",
  "serial": 10,
  "lineage": "15857aed-900b-658b-83f8-d13c0c9b8979",
  "outputs": {
    "instance_private_ip": {
      "value": "10.0.1.10",
      "type": "string"
    },
    "instance_public_ip": {
      "value": "129.80.147.57",
      "type": "string"
    },
    "ssh_connection": {
      "value": "ssh -i ~/.ssh/planet ubuntu@129.80.147.57",
      "type": "string"
    }
  },
  "resources": [
    {
      "mode": "data",
      "type": "oci_core_images",
      "name": "ubuntu_images",
      "provider": "provider[\"registry.terraform.io/oracle/oci\"]",
      "instances": [
        {
          "schema_version": 0,
          "attributes": {
            "compartment_id": "ocid1.tenancy.oc1..aaaaaaaaf7kzx4gvgyjxft6hacpx6d2xigbylolx2gwizor3dpxyaj24j2wa",
            "display_name": null,
            "filter": null,
            "id": "CoreImagesDataSource-744595761",
            "images": [
              {
                "agent_features": [],
                "base_image_id": "",
                "billable_size_in_gbs": "3",
                "compartment_id": "",
                "create_image_allowed": true,
                "defined_tags": {},
                "display_name": "Canonical-Ubuntu-22.04-2025.09.22-0",
                "freeform_tags": {},
                "id": "ocid1.image.oc1.iad.aaaaaaaa3yayyquaco7ihf4izk76zdcdhydulguz3n25q5wjtcbfgver6ntq",
                "image_source_details": [],
                "instance_id": "",
                "launch_mode": "NATIVE",
                "launch_options": [
                  {
                    "boot_volume_type": "PARAVIRTUALIZED",
                    "firmware": "UEFI_64",
                    "is_consistent_volume_naming_enabled": true,
                    "is_pv_encryption_in_transit_enabled": true,
                    "network_type": "PARAVIRTUALIZED",
                    "remote_data_volume_type": "PARAVIRTUALIZED"
                  }
                ],
                "listing_type": "",
                "operating_system": "Canonical Ubuntu",
                "operating_system_version": "22.04",
                "size_in_mbs": "47694",
                "state": "AVAILABLE",
                "time_created": "2025-10-02 14:27:47.126 +0000 UTC"
              },
              {
                "agent_features": [],
                "base_image_id": "",
                "billable_size_in_gbs": "3",
                "compartment_id": "",
                "create_image_allowed": true,
                "defined_tags": {},
                "display_name": "Canonical-Ubuntu-22.04-2025.07.23-0",
                "freeform_tags": {},
                "id": "ocid1.image.oc1.iad.aaaaaaaahaqglmjvh2emogamuliyqodir7k6cglw5s6zb5oqkd6qsaoqw2va",
                "image_source_details": [],
                "instance_id": "",
                "launch_mode": "NATIVE",
                "launch_options": [
                  {
                    "boot_volume_type": "PARAVIRTUALIZED",
                    "firmware": "UEFI_64",
                    "is_consistent_volume_naming_enabled": true,
                    "is_pv_encryption_in_transit_enabled": true,
                    "network_type": "PARAVIRTUALIZED",
                    "remote_data_volume_type": "PARAVIRTUALIZED"
                  }
                ],
                "listing_type": "",
                "operating_system": "Canonical Ubuntu",
                "operating_system_version": "22.04",
                "size_in_mbs": "47694",
                "state": "AVAILABLE",
                "time_created": "2025-08-01 09:06:02.489 +0000 UTC"
              },
              {
                "agent_features": [],
                "base_image_id": "",
                "billable_size_in_gbs": "3",
                "compartment_id": "",
                "create_image_allowed": true,
                "defined_tags": {},
                "display_name": "Canonical-Ubuntu-22.04-2025.05.20-0",
                "freeform_tags": {},
                "id": "ocid1.image.oc1.iad.aaaaaaaahae3xgdks5kionenl4twlkmp6wd5xe26vxnhcoxtugm3dkddzapa",
                "image_source_details": [],
                "instance_id": "",
                "launch_mode": "NATIVE",
                "launch_options": [
                  {
                    "boot_volume_type": "PARAVIRTUALIZED",
                    "firmware": "UEFI_64",
                    "is_consistent_volume_naming_enabled": true,
                    "is_pv_encryption_in_transit_enabled": true,
                    "network_type": "PARAVIRTUALIZED",
                    "remote_data_volume_type": "PARAVIRTUALIZED"
                  }
                ],
                "listing_type": "",
                "operating_system": "Canonical Ubuntu",
                "operating_system_version": "22.04",
                "size_in_mbs": "47694",
                "state": "AVAILABLE",
                "time_created": "2025-05-22 02:35:00.712 +0000 UTC"
              }
            ],
            "operating_system": "Canonical Ubuntu",
            "operating_system_version": "22.04",
            "shape": "VM.Standard.E2.1.Micro",
            "sort_by": "TIMECREATED",
            "sort_order": "DESC",
            "state": null
          },
          "sensitive_attributes": [],
          "identity_schema_version": 0
        }
      ]
    },
    {
      "mode": "data",
      "type": "oci_identity_availability_domains",
      "name": "ads",
      "provider": "provider[\"registry.terraform.io/oracle/oci\"]",
      "instances": [
        {
          "schema_version": 0,
          "attributes": {
            "availability_domains": [
              {
                "compartment_id": "ocid1.tenancy.oc1..aaaaaaaaf7kzx4gvgyjxft6hacpx6d2xigbylolx2gwizor3dpxyaj24j2wa",
                "id": "ocid1.availabilitydomain.oc1..aaaaaaaatrwxaogr7dl4yschqtrmqrdv6uzis3mgbnomiagqrfhcb7mxsfdq",
                "name": "JhCY:US-ASHBURN-AD-1"
              },
              {
                "compartment_id": "ocid1.tenancy.oc1..aaaaaaaaf7kzx4gvgyjxft6hacpx6d2xigbylolx2gwizor3dpxyaj24j2wa",
                "id": "ocid1.availabilitydomain.oc1..aaaaaaaaztunlny6ae4yw2vghp5go2zceaonwp6wiioe3tnh2vlaxjjl2n3a",
                "name": "JhCY:US-ASHBURN-AD-2"
              },
              {
                "compartment_id": "ocid1.tenancy.oc1..aaaaaaaaf7kzx4gvgyjxft6hacpx6d2xigbylolx2gwizor3dpxyaj24j2wa",
                "id": "ocid1.availabilitydomain.oc1..aaaaaaaauvt2n7pijol7uqgdnnsoojcukrijtmcltvfwxazmitk235wyohta",
                "name": "JhCY:US-ASHBURN-AD-3"
              }
            ],
            "compartment_id": "ocid1.tenancy.oc1..aaaaaaaaf7kzx4gvgyjxft6hacpx6d2xigbylolx2gwizor3dpxyaj24j2wa",
            "filter": null,
            "id": "IdentityAvailabilityDomainsDataSource-118874904"
          },
          "sensitive_attributes": [],
          "identity_schema_version": 0
        }
      ]
    },
    {
      "mode": "managed",
      "type": "oci_core_instance",
      "name": "pixelated_instance",
      "provider": "provider[\"registry.terraform.io/oracle/oci\"]",
      "instances": [
        {
          "schema_version": 0,
          "attributes": {
            "agent_config": [
              {
                "are_all_plugins_disabled": false,
                "is_management_disabled": false,
                "is_monitoring_disabled": false,
                "plugins_config": []
              }
            ],
            "async": null,
            "availability_config": [
              {
                "is_live_migration_preferred": false,
                "recovery_action": "RESTORE_INSTANCE"
              }
            ],
            "availability_domain": "JhCY:US-ASHBURN-AD-1",
            "boot_volume_id": "ocid1.bootvolume.oc1.iad.abuwcljt2wkfzroytzj6fsvidcur5gk67cmfsjmemifjvgzmy77k3ie7f34q",
            "capacity_reservation_id": null,
            "cluster_placement_group_id": null,
            "compartment_id": "ocid1.tenancy.oc1..aaaaaaaaf7kzx4gvgyjxft6hacpx6d2xigbylolx2gwizor3dpxyaj24j2wa",
            "compute_cluster_id": null,
            "create_vnic_details": [
              {
                "assign_ipv6ip": false,
                "assign_private_dns_record": false,
                "assign_public_ip": "true",
                "defined_tags": {
                  "Oracle-Tags.CreatedBy": "default/chad@pixelatedempathy.com",
                  "Oracle-Tags.CreatedOn": "2025-10-30T15:11:22.227Z"
                },
                "display_name": "pixelated-empathy-vnic",
                "freeform_tags": {},
                "hostname_label": "pixelated-empathy-vnic",
                "ipv6address_ipv6subnet_cidr_pair_details": [],
                "nsg_ids": [],
                "private_ip": "10.0.1.10",
                "skip_source_dest_check": false,
                "subnet_id": "ocid1.subnet.oc1.iad.aaaaaaaasttvd74er7ajjutf7ihi7t4pbphiyq7szkg35donh7bpntoeqkya",
                "vlan_id": ""
              }
            ],
            "dedicated_vm_host_id": null,
            "defined_tags": {
              "Oracle-Tags.CreatedBy": "default/chad@pixelatedempathy.com",
              "Oracle-Tags.CreatedOn": "2025-10-30T15:11:22.081Z"
            },
            "display_name": "pixelated-empathy-instance",
            "extended_metadata": {},
            "fault_domain": "FAULT-DOMAIN-2",
            "freeform_tags": {},
            "hostname_label": "pixelated-empathy-vnic",
            "id": "ocid1.instance.oc1.iad.anuwcljt2i3xzyicuzqy7a225y4rl26h4mpi5olwhcvfw7wxg6uxb2rwzvdq",
            "image": "ocid1.image.oc1.iad.aaaaaaaa3yayyquaco7ihf4izk76zdcdhydulguz3n25q5wjtcbfgver6ntq",
            "instance_configuration_id": null,
            "instance_options": [
              {
                "are_legacy_imds_endpoints_disabled": false
              }
            ],
            "ipxe_script": null,
            "is_cross_numa_node": false,
            "is_pv_encryption_in_transit_enabled": null,
            "launch_mode": "PARAVIRTUALIZED",
            "launch_options": [
              {
                "boot_volume_type": "PARAVIRTUALIZED",
                "firmware": "UEFI_64",
                "is_consistent_volume_naming_enabled": true,
                "is_pv_encryption_in_transit_enabled": false,
                "network_type": "PARAVIRTUALIZED",
                "remote_data_volume_type": "PARAVIRTUALIZED"
              }
            ],
            "launch_volume_attachments": null,
            "metadata": {
              "ssh_authorized_keys": "ssh-ed25519 AAAAC3NzaC1lZDI1NTE5AAAAIPDhYx8CTkZV+OiR/mq8Bylr2S9505TprhOwKtCc2UGO"
            },
            "platform_config": [],
            "preemptible_instance_config": [],
            "preserve_boot_volume": null,
            "preserve_data_volumes_created_at_launch": null,
            "private_ip": "10.0.1.10",
            "public_ip": "129.80.147.57",
            "region": "iad",
            "shape": "VM.Standard.E2.1.Micro",
            "shape_config": [
              {
                "baseline_ocpu_utilization": "",
                "gpu_description": "",
                "gpus": 0,
                "local_disk_description": "",
                "local_disks": 0,
                "local_disks_total_size_in_gbs": 0,
                "max_vnic_attachments": 1,
                "memory_in_gbs": 1,
                "networking_bandwidth_in_gbps": 0.47999998927116394,
                "nvmes": 0,
                "ocpus": 1,
                "processor_description": "2.0 GHz AMD EPYC™ 7551 (Naples)",
                "vcpus": 2
              }
            ],
            "source_details": [
              {
                "boot_volume_size_in_gbs": "47",
                "boot_volume_vpus_per_gb": "10",
                "instance_source_image_filter_details": [],
                "is_preserve_boot_volume_enabled": false,
                "kms_key_id": "",
                "source_id": "ocid1.image.oc1.iad.aaaaaaaa3yayyquaco7ihf4izk76zdcdhydulguz3n25q5wjtcbfgver6ntq",
                "source_type": "image"
              }
            ],
            "state": "RUNNING",
            "subnet_id": "ocid1.subnet.oc1.iad.aaaaaaaasttvd74er7ajjutf7ihi7t4pbphiyq7szkg35donh7bpntoeqkya",
            "system_tags": {
              "orcl-cloud.free-tier-retained": "true"
            },
            "time_created": "2025-10-30 15:11:22.911 +0000 UTC",
            "time_maintenance_reboot_due": "",
            "timeouts": null,
            "update_operation_constraint": null
          },
          "sensitive_attributes": [],
          "identity_schema_version": 0,
          "private": "eyJlMmJmYjczMC1lY2FhLTExZTYtOGY4OC0zNDM2M2JjN2M0YzAiOnsiY3JlYXRlIjoyNzAwMDAwMDAwMDAwLCJkZWxldGUiOjQ1MDAwMDAwMDAwMDAsInVwZGF0ZSI6MjcwMDAwMDAwMDAwMH19",
          "dependencies": [
            "data.oci_core_images.ubuntu_images",
            "data.oci_identity_availability_domains.ads",
            "oci_core_internet_gateway.pixelated_igw",
            "oci_core_route_table.pixelated_rt",
            "oci_core_security_list.pixelated_sl",
            "oci_core_subnet.pixelated_subnet",
            "oci_core_vcn.pixelated_vcn"
          ]
        }
      ]
    },
    {
      "mode": "managed",
      "type": "oci_core_internet_gateway",
      "name": "pixelated_igw",
      "provider": "provider[\"registry.terraform.io/oracle/oci\"]",
      "instances": [
        {
          "schema_version": 0,
          "attributes": {
            "compartment_id": "ocid1.tenancy.oc1..aaaaaaaaf7kzx4gvgyjxft6hacpx6d2xigbylolx2gwizor3dpxyaj24j2wa",
            "defined_tags": {
              "Oracle-Tags.CreatedBy": "default/chad@pixelatedempathy.com",
              "Oracle-Tags.CreatedOn": "2025-10-30T15:11:17.983Z"
            },
            "display_name": "pixelated-empathy-igw",
            "enabled": true,
            "freeform_tags": {},
            "id": "ocid1.internetgateway.oc1.iad.aaaaaaaapt7lcbpojmgxtxrwepe34vrag5t36jlhwswuwuebpsvmpofnkgzq",
            "route_table_id": null,
            "state": "AVAILABLE",
            "time_created": "2025-10-30 15:11:18.019 +0000 UTC",
            "timeouts": null,
            "vcn_id": "ocid1.vcn.oc1.iad.amaaaaaa2i3xzyiakohi7f42jtxqhall57rmq42fgk42mkfvycwrcv3q4eea"
          },
          "sensitive_attributes": [],
          "identity_schema_version": 0,
          "private": "eyJlMmJmYjczMC1lY2FhLTExZTYtOGY4OC0zNDM2M2JjN2M0YzAiOnsiY3JlYXRlIjoxMjAwMDAwMDAwMDAwLCJkZWxldGUiOjEyMDAwMDAwMDAwMDAsInVwZGF0ZSI6MTIwMDAwMDAwMDAwMH19",
          "dependencies": [
            "oci_core_vcn.pixelated_vcn"
          ]
        }
      ]
    },
    {
      "mode": "managed",
      "type": "oci_core_route_table",
      "name": "pixelated_rt",
      "provider": "provider[\"registry.terraform.io/oracle/oci\"]",
      "instances": [
        {
          "schema_version": 0,
          "attributes": {
            "compartment_id": "ocid1.tenancy.oc1..aaaaaaaaf7kzx4gvgyjxft6hacpx6d2xigbylolx2gwizor3dpxyaj24j2wa",
            "defined_tags": {
              "Oracle-Tags.CreatedBy": "default/chad@pixelatedempathy.com",
              "Oracle-Tags.CreatedOn": "2025-10-30T15:11:18.792Z"
            },
            "display_name": "pixelated-empathy-rt",
            "freeform_tags": {},
            "id": "ocid1.routetable.oc1.iad.aaaaaaaahvqrg3asc3mk4lflhlyfqc24kc7ryc2l6fd4td3lwalywnx6ooba",
            "route_rules": [
              {
                "cidr_block": "",
                "description": "",
                "destination": "0.0.0.0/0",
                "destination_type": "CIDR_BLOCK",
                "network_entity_id": "ocid1.internetgateway.oc1.iad.aaaaaaaapt7lcbpojmgxtxrwepe34vrag5t36jlhwswuwuebpsvmpofnkgzq",
                "route_type": ""
              }
            ],
            "state": "AVAILABLE",
            "time_created": "2025-10-30 15:11:18.819 +0000 UTC",
            "timeouts": null,
            "vcn_id": "ocid1.vcn.oc1.iad.amaaaaaa2i3xzyiakohi7f42jtxqhall57rmq42fgk42mkfvycwrcv3q4eea"
          },
          "sensitive_attributes": [],
          "identity_schema_version": 0,
          "private": "eyJlMmJmYjczMC1lY2FhLTExZTYtOGY4OC0zNDM2M2JjN2M0YzAiOnsiY3JlYXRlIjoxMjAwMDAwMDAwMDAwLCJkZWxldGUiOjEyMDAwMDAwMDAwMDAsInVwZGF0ZSI6MTIwMDAwMDAwMDAwMH19",
          "dependencies": [
            "oci_core_internet_gateway.pixelated_igw",
            "oci_core_vcn.pixelated_vcn"
          ]
        }
      ]
    },
    {
      "mode": "managed",
      "type": "oci_core_security_list",
      "name": "pixelated_sl",
      "provider": "provider[\"registry.terraform.io/oracle/oci\"]",
      "instances": [
        {
          "schema_version": 0,
          "attributes": {
            "compartment_id": "ocid1.tenancy.oc1..aaaaaaaaf7kzx4gvgyjxft6hacpx6d2xigbylolx2gwizor3dpxyaj24j2wa",
            "defined_tags": {
              "Oracle-Tags.CreatedBy": "default/chad@pixelatedempathy.com",
              "Oracle-Tags.CreatedOn": "2025-10-30T15:11:18.346Z"
            },
            "display_name": "pixelated-empathy-sl",
            "egress_security_rules": [
              {
                "description": "",
                "destination": "0.0.0.0/0",
                "destination_type": "CIDR_BLOCK",
                "icmp_options": [],
                "protocol": "all",
                "stateless": false,
                "tcp_options": [],
                "udp_options": []
              }
            ],
            "freeform_tags": {},
            "id": "ocid1.securitylist.oc1.iad.aaaaaaaaxyqagptvs2kgpkgnxzkt3pmvdpzpybfk7ti3cetsnu3arfun5coa",
            "ingress_security_rules": [
              {
                "description": "",
                "icmp_options": [],
                "protocol": "6",
                "source": "0.0.0.0/0",
                "source_type": "CIDR_BLOCK",
                "stateless": false,
                "tcp_options": [
                  {
                    "max": 22,
                    "min": 22,
                    "source_port_range": []
                  }
                ],
                "udp_options": []
              },
              {
                "description": "",
                "icmp_options": [],
                "protocol": "6",
                "source": "0.0.0.0/0",
                "source_type": "CIDR_BLOCK",
                "stateless": false,
                "tcp_options": [
                  {
                    "max": 443,
                    "min": 443,
                    "source_port_range": []
                  }
                ],
                "udp_options": []
              },
              {
                "description": "",
                "icmp_options": [],
                "protocol": "6",
                "source": "0.0.0.0/0",
                "source_type": "CIDR_BLOCK",
                "stateless": false,
                "tcp_options": [
                  {
                    "max": 6443,
                    "min": 6443,
                    "source_port_range": []
                  }
                ],
                "udp_options": []
              },
              {
                "description": "",
                "icmp_options": [],
                "protocol": "6",
                "source": "0.0.0.0/0",
                "source_type": "CIDR_BLOCK",
                "stateless": false,
                "tcp_options": [
                  {
                    "max": 80,
                    "min": 80,
                    "source_port_range": []
                  }
                ],
                "udp_options": []
              }
            ],
            "state": "AVAILABLE",
            "time_created": "2025-10-30 15:11:18.376 +0000 UTC",
            "timeouts": null,
            "vcn_id": "ocid1.vcn.oc1.iad.amaaaaaa2i3xzyiakohi7f42jtxqhall57rmq42fgk42mkfvycwrcv3q4eea"
          },
          "sensitive_attributes": [],
          "identity_schema_version": 0,
          "private": "eyJlMmJmYjczMC1lY2FhLTExZTYtOGY4OC0zNDM2M2JjN2M0YzAiOnsiY3JlYXRlIjoxMjAwMDAwMDAwMDAwLCJkZWxldGUiOjEyMDAwMDAwMDAwMDAsInVwZGF0ZSI6MTIwMDAwMDAwMDAwMH19",
          "dependencies": [
            "oci_core_vcn.pixelated_vcn"
          ]
        }
      ]
    },
    {
      "mode": "managed",
      "type": "oci_core_subnet",
      "name": "pixelated_subnet",
      "provider": "provider[\"registry.terraform.io/oracle/oci\"]",
      "instances": [
        {
          "schema_version": 0,
          "attributes": {
            "availability_domain": "JhCY:US-ASHBURN-AD-1",
            "cidr_block": "10.0.1.0/24",
            "compartment_id": "ocid1.tenancy.oc1..aaaaaaaaf7kzx4gvgyjxft6hacpx6d2xigbylolx2gwizor3dpxyaj24j2wa",
            "defined_tags": {
              "Oracle-Tags.CreatedBy": "default/chad@pixelatedempathy.com",
              "Oracle-Tags.CreatedOn": "2025-10-30T15:11:19.348Z"
            },
            "dhcp_options_id": "ocid1.dhcpoptions.oc1.iad.aaaaaaaaxeycwdzy5nhoivd2qkpqhrf2xxdoff2qzcbwayni6i5bp75xrqoa",
            "display_name": "pixelated-empathy-subnet",
            "dns_label": "pixelatedsubnet",
            "freeform_tags": {},
            "id": "ocid1.subnet.oc1.iad.aaaaaaaasttvd74er7ajjutf7ihi7t4pbphiyq7szkg35donh7bpntoeqkya",
            "ipv6cidr_block": null,
            "ipv6cidr_blocks": [],
            "ipv6virtual_router_ip": null,
            "prohibit_internet_ingress": false,
            "prohibit_public_ip_on_vnic": false,
            "route_table_id": "ocid1.routetable.oc1.iad.aaaaaaaahvqrg3asc3mk4lflhlyfqc24kc7ryc2l6fd4td3lwalywnx6ooba",
            "security_list_ids": [
              "ocid1.securitylist.oc1.iad.aaaaaaaaxyqagptvs2kgpkgnxzkt3pmvdpzpybfk7ti3cetsnu3arfun5coa"
            ],
            "state": "AVAILABLE",
            "subnet_domain_name": "pixelatedsubnet.pixelated.oraclevcn.com",
            "time_created": "2025-10-30 15:11:19.394 +0000 UTC",
            "timeouts": null,
            "vcn_id": "ocid1.vcn.oc1.iad.amaaaaaa2i3xzyiakohi7f42jtxqhall57rmq42fgk42mkfvycwrcv3q4eea",
            "virtual_router_ip": "10.0.1.1",
            "virtual_router_mac": "00:00:17:B6:A6:86"
          },
          "sensitive_attributes": [],
          "identity_schema_version": 0,
          "private": "eyJlMmJmYjczMC1lY2FhLTExZTYtOGY4OC0zNDM2M2JjN2M0YzAiOnsiY3JlYXRlIjoxMjAwMDAwMDAwMDAwLCJkZWxldGUiOjEyMDAwMDAwMDAwMDAsInVwZGF0ZSI6MTIwMDAwMDAwMDAwMH19",
          "dependencies": [
            "data.oci_identity_availability_domains.ads",
            "oci_core_internet_gateway.pixelated_igw",
            "oci_core_route_table.pixelated_rt",
            "oci_core_security_list.pixelated_sl",
            "oci_core_vcn.pixelated_vcn"
          ]
        }
      ]
    },
    {
      "mode": "managed",
      "type": "oci_core_vcn",
      "name": "pixelated_vcn",
      "provider": "provider[\"registry.terraform.io/oracle/oci\"]",
      "instances": [
        {
          "schema_version": 0,
          "attributes": {
            "byoipv6cidr_blocks": [],
            "byoipv6cidr_details": [],
            "cidr_block": "10.0.0.0/16",
            "cidr_blocks": [
              "10.0.0.0/16"
            ],
            "compartment_id": "ocid1.tenancy.oc1..aaaaaaaaf7kzx4gvgyjxft6hacpx6d2xigbylolx2gwizor3dpxyaj24j2wa",
            "default_dhcp_options_id": "ocid1.dhcpoptions.oc1.iad.aaaaaaaaxeycwdzy5nhoivd2qkpqhrf2xxdoff2qzcbwayni6i5bp75xrqoa",
            "default_route_table_id": "ocid1.routetable.oc1.iad.aaaaaaaau5ya2mhjjveian3hi2lmiogf6gy6sck5fljnthe5w4oggfx6s5ja",
            "default_security_list_id": "ocid1.securitylist.oc1.iad.aaaaaaaaiduer53xzmqiam4t5zbukgpju5fr5zrjfxbxymfsvsinlsofh45q",
            "defined_tags": {
              "Oracle-Tags.CreatedBy": "default/chad@pixelatedempathy.com",
              "Oracle-Tags.CreatedOn": "2025-10-30T15:11:16.944Z"
            },
            "display_name": "pixelated-empathy-vcn",
            "dns_label": "pixelated",
            "freeform_tags": {},
            "id": "ocid1.vcn.oc1.iad.amaaaaaa2i3xzyiakohi7f42jtxqhall57rmq42fgk42mkfvycwrcv3q4eea",
            "ipv6cidr_blocks": [],
            "ipv6private_cidr_blocks": [],
            "is_ipv6enabled": false,
            "is_oracle_gua_allocation_enabled": null,
            "state": "AVAILABLE",
            "time_created": "2025-10-30 15:11:17.019 +0000 UTC",
            "timeouts": null,
            "vcn_domain_name": "pixelated.oraclevcn.com"
          },
          "sensitive_attributes": [],
          "identity_schema_version": 0,
          "private": "eyJlMmJmYjczMC1lY2FhLTExZTYtOGY4OC0zNDM2M2JjN2M0YzAiOnsiY3JlYXRlIjoxMjAwMDAwMDAwMDAwLCJkZWxldGUiOjEyMDAwMDAwMDAwMDAsInVwZGF0ZSI6MTIwMDAwMDAwMDAwMH19"
        }
      ]
    }
  ],
  "check_results": null
}
