dependencies:
- name: postgresql
  repository: https://charts.bitnami.com/bitnami
  version: 12.12.10
- name: redis
  repository: https://charts.bitnami.com/bitnami
  version: 17.17.1
- name: caddy-ingress-controller
  repository: https://caddyserver.github.io/ingress/
  version: 1.0.1
digest: sha256:3d31efd5c4919d8f78ecd3f12b148b538ed0d3f7e8c850d1dd12d25542ccace6
generated: "2025-09-18T07:42:58.191098096-04:00"
